
Microsoft Visual Studio Solution File, Format Version 12.00
# Visual Studio Version 16
VisualStudioVersion = 16.0.29519.87
MinimumVisualStudioVersion = 10.0.40219.1
Project("{9A19103F-16F7-4668-BE54-9A1E7A4F7556}") = "LockingClient", "LockingClient\LockingClient.csproj", "{4C216EC2-689B-4D8C-B1BF-AACB64998961}"
EndProject
Project("{9A19103F-16F7-4668-BE54-9A1E7A4F7556}") = "Test", "Test\Test.csproj", "{C9B79AD4-CC90-404D-8762-7490AFC112E8}"
EndProject
Global
	GlobalSection(SolutionConfigurationPlatforms) = preSolution
		Debug|Any CPU = Debug|Any CPU
		Release|Any CPU = Release|Any CPU
	EndGlobalSection
	GlobalSection(ProjectConfigurationPlatforms) = postSolution
		{4C216EC2-689B-4D8C-B1BF-AACB64998961}.Debug|Any CPU.ActiveCfg = Debug|Any CPU
		{4C216EC2-689B-4D8C-B1BF-AACB64998961}.Debug|Any CPU.Build.0 = Debug|Any CPU
		{4C216EC2-689B-4D8C-B1BF-AACB64998961}.Release|Any CPU.ActiveCfg = Release|Any CPU
		{4C216EC2-689B-4D8C-B1BF-AACB64998961}.Release|Any CPU.Build.0 = Release|Any CPU
		{C9B79AD4-CC90-404D-8762-7490AFC112E8}.Debug|Any CPU.ActiveCfg = Debug|Any CPU
		{C9B79AD4-CC90-404D-8762-7490AFC112E8}.Debug|Any CPU.Build.0 = Debug|Any CPU
		{C9B79AD4-CC90-404D-8762-7490AFC112E8}.Release|Any CPU.ActiveCfg = Release|Any CPU
		{C9B79AD4-CC90-404D-8762-7490AFC112E8}.Release|Any CPU.Build.0 = Release|Any CPU
	EndGlobalSection
	GlobalSection(SolutionProperties) = preSolution
		HideSolutionNode = FALSE
	EndGlobalSection
	GlobalSection(ExtensibilityGlobals) = postSolution
		SolutionGuid = {6A92043D-368B-416B-8E57-DD4D7DC8DF54}
	EndGlobalSection
EndGlobal
